
Microsoft Visual Studio Solution File, Format Version 12.00
# Visual Studio 14
VisualStudioVersion = 14.0.25420.1
MinimumVisualStudioVersion = 10.0.40219.1
Project("{FAE04EC0-301F-11D3-BF4B-00C04F79EFBC}") = "WebMVC_Ejemplo", "WebMVC_Ejemplo\WebMVC_Ejemplo.csproj", "{1BB429DF-9DF3-49C7-8F69-B3A954A1451B}"
EndProject
Project("{FAE04EC0-301F-11D3-BF4B-00C04F79EFBC}") = "Datos", "Datos\Datos.csproj", "{ACB9BE05-B632-4A8E-816A-4F867279DDB8}"
EndProject
Global
	GlobalSection(SolutionConfigurationPlatforms) = preSolution
		Debug|Any CPU = Debug|Any CPU
		Release|Any CPU = Release|Any CPU
	EndGlobalSection
	GlobalSection(ProjectConfigurationPlatforms) = postSolution
		{1BB429DF-9DF3-49C7-8F69-B3A954A1451B}.Debug|Any CPU.ActiveCfg = Debug|Any CPU
		{1BB429DF-9DF3-49C7-8F69-B3A954A1451B}.Debug|Any CPU.Build.0 = Debug|Any CPU
		{1BB429DF-9DF3-49C7-8F69-B3A954A1451B}.Release|Any CPU.ActiveCfg = Release|Any CPU
		{1BB429DF-9DF3-49C7-8F69-B3A954A1451B}.Release|Any CPU.Build.0 = Release|Any CPU
		{ACB9BE05-B632-4A8E-816A-4F867279DDB8}.Debug|Any CPU.ActiveCfg = Debug|Any CPU
		{ACB9BE05-B632-4A8E-816A-4F867279DDB8}.Debug|Any CPU.Build.0 = Debug|Any CPU
		{ACB9BE05-B632-4A8E-816A-4F867279DDB8}.Release|Any CPU.ActiveCfg = Release|Any CPU
		{ACB9BE05-B632-4A8E-816A-4F867279DDB8}.Release|Any CPU.Build.0 = Release|Any CPU
	EndGlobalSection
	GlobalSection(SolutionProperties) = preSolution
		HideSolutionNode = FALSE
	EndGlobalSection
	GlobalSection(ExtensibilityGlobals) = postSolution
		SolutionGuid = {BDECA22D-E5BA-45D7-BDB6-E73CAD921D6A}
	EndGlobalSection
EndGlobal
